
Microsoft Visual Studio Solution File, Format Version 12.00
# Visual Studio Version 17
VisualStudioVersion = 17.3.32929.385
MinimumVisualStudioVersion = 10.0.40219.1
Project("{FAE04EC0-301F-11D3-BF4B-00C04F79EFBC}") = "calculadora_metodos", "calculadora_metodos.csproj", "{F43E2B44-B591-459F-B283-A3C3602551C6}"
EndProject
Global
	GlobalSection(SolutionConfigurationPlatforms) = preSolution
		Debug|Any CPU = Debug|Any CPU
		Release|Any CPU = Release|Any CPU
	EndGlobalSection
	GlobalSection(ProjectConfigurationPlatforms) = postSolution
		{F43E2B44-B591-459F-B283-A3C3602551C6}.Debug|Any CPU.ActiveCfg = Debug|Any CPU
		{F43E2B44-B591-459F-B283-A3C3602551C6}.Debug|Any CPU.Build.0 = Debug|Any CPU
		{F43E2B44-B591-459F-B283-A3C3602551C6}.Release|Any CPU.ActiveCfg = Release|Any CPU
		{F43E2B44-B591-459F-B283-A3C3602551C6}.Release|Any CPU.Build.0 = Release|Any CPU
	EndGlobalSection
	GlobalSection(SolutionProperties) = preSolution
		HideSolutionNode = FALSE
	EndGlobalSection
	GlobalSection(ExtensibilityGlobals) = postSolution
		SolutionGuid = {63CD6234-E33A-4F4B-B74C-17B9301D946E}
	EndGlobalSection
EndGlobal
